
Microsoft Visual Studio Solution File, Format Version 12.00
# Visual Studio Version 17
VisualStudioVersion = 17.4.33103.184
MinimumVisualStudioVersion = 10.0.40219.1
Project("{FAE04EC0-301F-11D3-BF4B-00C04F79EFBC}") = "7lecture13", "7lecture13\7lecture13.csproj", "{00CF17F3-F043-4554-8693-CBA741573935}"
EndProject
Global
	GlobalSection(SolutionConfigurationPlatforms) = preSolution
		Debug|Any CPU = Debug|Any CPU
		Release|Any CPU = Release|Any CPU
	EndGlobalSection
	GlobalSection(ProjectConfigurationPlatforms) = postSolution
		{00CF17F3-F043-4554-8693-CBA741573935}.Debug|Any CPU.ActiveCfg = Debug|Any CPU
		{00CF17F3-F043-4554-8693-CBA741573935}.Debug|Any CPU.Build.0 = Debug|Any CPU
		{00CF17F3-F043-4554-8693-CBA741573935}.Release|Any CPU.ActiveCfg = Release|Any CPU
		{00CF17F3-F043-4554-8693-CBA741573935}.Release|Any CPU.Build.0 = Release|Any CPU
	EndGlobalSection
	GlobalSection(SolutionProperties) = preSolution
		HideSolutionNode = FALSE
	EndGlobalSection
	GlobalSection(ExtensibilityGlobals) = postSolution
		SolutionGuid = {4BB2147A-DD09-4A37-9619-BF14E007E411}
	EndGlobalSection
EndGlobal
